
Microsoft Visual Studio Solution File, Format Version 12.00
# Visual Studio 15
VisualStudioVersion = 15.0.26124.0
MinimumVisualStudioVersion = 15.0.26124.0
Project("{FAE04EC0-301F-11D3-BF4B-00C04F79EFBC}") = "Essential.StringTemplate", "src\Essential.StringTemplate\Essential.StringTemplate.csproj", "{3DD9E02D-3F34-4C2C-BC80-FAF41D9E66B8}"
EndProject
Project("{FAE04EC0-301F-11D3-BF4B-00C04F79EFBC}") = "Essential.Logging.ColoredConsole", "src\Essential.Logging.ColoredConsole\Essential.Logging.ColoredConsole.csproj", "{5642B347-A257-4D29-A01E-022DA962777A}"
EndProject
Project("{FAE04EC0-301F-11D3-BF4B-00C04F79EFBC}") = "Essential.Logging.RollingFile", "src\Essential.Logging.RollingFile\Essential.Logging.RollingFile.csproj", "{D2AE7768-DF93-4956-8A13-23820548E5AB}"
EndProject
Project("{2150E333-8FDC-42A3-9474-1A3956D46DE8}") = "SolutionItems", "SolutionItems", "{4B4766CE-46AC-4B87-A719-8D010E6FC195}"
ProjectSection(SolutionItems) = preProject
	README.md = README.md
EndProjectSection
EndProject
Global
	GlobalSection(SolutionConfigurationPlatforms) = preSolution
		Debug|Any CPU = Debug|Any CPU
		Debug|x64 = Debug|x64
		Debug|x86 = Debug|x86
		Release|Any CPU = Release|Any CPU
		Release|x64 = Release|x64
		Release|x86 = Release|x86
	EndGlobalSection
	GlobalSection(SolutionProperties) = preSolution
		HideSolutionNode = FALSE
	EndGlobalSection
	GlobalSection(ProjectConfigurationPlatforms) = postSolution
		{3DD9E02D-3F34-4C2C-BC80-FAF41D9E66B8}.Debug|Any CPU.ActiveCfg = Debug|Any CPU
		{3DD9E02D-3F34-4C2C-BC80-FAF41D9E66B8}.Debug|Any CPU.Build.0 = Debug|Any CPU
		{3DD9E02D-3F34-4C2C-BC80-FAF41D9E66B8}.Debug|x64.ActiveCfg = Debug|Any CPU
		{3DD9E02D-3F34-4C2C-BC80-FAF41D9E66B8}.Debug|x64.Build.0 = Debug|Any CPU
		{3DD9E02D-3F34-4C2C-BC80-FAF41D9E66B8}.Debug|x86.ActiveCfg = Debug|Any CPU
		{3DD9E02D-3F34-4C2C-BC80-FAF41D9E66B8}.Debug|x86.Build.0 = Debug|Any CPU
		{3DD9E02D-3F34-4C2C-BC80-FAF41D9E66B8}.Release|Any CPU.ActiveCfg = Release|Any CPU
		{3DD9E02D-3F34-4C2C-BC80-FAF41D9E66B8}.Release|Any CPU.Build.0 = Release|Any CPU
		{3DD9E02D-3F34-4C2C-BC80-FAF41D9E66B8}.Release|x64.ActiveCfg = Release|Any CPU
		{3DD9E02D-3F34-4C2C-BC80-FAF41D9E66B8}.Release|x64.Build.0 = Release|Any CPU
		{3DD9E02D-3F34-4C2C-BC80-FAF41D9E66B8}.Release|x86.ActiveCfg = Release|Any CPU
		{3DD9E02D-3F34-4C2C-BC80-FAF41D9E66B8}.Release|x86.Build.0 = Release|Any CPU
		{5642B347-A257-4D29-A01E-022DA962777A}.Debug|Any CPU.ActiveCfg = Debug|Any CPU
		{5642B347-A257-4D29-A01E-022DA962777A}.Debug|Any CPU.Build.0 = Debug|Any CPU
		{5642B347-A257-4D29-A01E-022DA962777A}.Debug|x64.ActiveCfg = Debug|Any CPU
		{5642B347-A257-4D29-A01E-022DA962777A}.Debug|x64.Build.0 = Debug|Any CPU
		{5642B347-A257-4D29-A01E-022DA962777A}.Debug|x86.ActiveCfg = Debug|Any CPU
		{5642B347-A257-4D29-A01E-022DA962777A}.Debug|x86.Build.0 = Debug|Any CPU
		{5642B347-A257-4D29-A01E-022DA962777A}.Release|Any CPU.ActiveCfg = Release|Any CPU
		{5642B347-A257-4D29-A01E-022DA962777A}.Release|Any CPU.Build.0 = Release|Any CPU
		{5642B347-A257-4D29-A01E-022DA962777A}.Release|x64.ActiveCfg = Release|Any CPU
		{5642B347-A257-4D29-A01E-022DA962777A}.Release|x64.Build.0 = Release|Any CPU
		{5642B347-A257-4D29-A01E-022DA962777A}.Release|x86.ActiveCfg = Release|Any CPU
		{5642B347-A257-4D29-A01E-022DA962777A}.Release|x86.Build.0 = Release|Any CPU
		{D2AE7768-DF93-4956-8A13-23820548E5AB}.Debug|Any CPU.ActiveCfg = Debug|Any CPU
		{D2AE7768-DF93-4956-8A13-23820548E5AB}.Debug|Any CPU.Build.0 = Debug|Any CPU
		{D2AE7768-DF93-4956-8A13-23820548E5AB}.Debug|x64.ActiveCfg = Debug|Any CPU
		{D2AE7768-DF93-4956-8A13-23820548E5AB}.Debug|x64.Build.0 = Debug|Any CPU
		{D2AE7768-DF93-4956-8A13-23820548E5AB}.Debug|x86.ActiveCfg = Debug|Any CPU
		{D2AE7768-DF93-4956-8A13-23820548E5AB}.Debug|x86.Build.0 = Debug|Any CPU
		{D2AE7768-DF93-4956-8A13-23820548E5AB}.Release|Any CPU.ActiveCfg = Release|Any CPU
		{D2AE7768-DF93-4956-8A13-23820548E5AB}.Release|Any CPU.Build.0 = Release|Any CPU
		{D2AE7768-DF93-4956-8A13-23820548E5AB}.Release|x64.ActiveCfg = Release|Any CPU
		{D2AE7768-DF93-4956-8A13-23820548E5AB}.Release|x64.Build.0 = Release|Any CPU
		{D2AE7768-DF93-4956-8A13-23820548E5AB}.Release|x86.ActiveCfg = Release|Any CPU
		{D2AE7768-DF93-4956-8A13-23820548E5AB}.Release|x86.Build.0 = Release|Any CPU
	EndGlobalSection
EndGlobal
