
Microsoft Visual Studio Solution File, Format Version 12.00
# Visual Studio 15
VisualStudioVersion = 15.0.26124.0
MinimumVisualStudioVersion = 15.0.26124.0
Project("{FAE04EC0-301F-11D3-BF4B-00C04F79EFBC}") = "HelloWorld", "HelloWorld\HelloWorld.csproj", "{24304AE2-F628-4239-8E6A-2B0699D4E1B8}"
EndProject
Project("{FAE04EC0-301F-11D3-BF4B-00C04F79EFBC}") = "GettingStarted", "GettingStarted\GettingStarted.csproj", "{0349D0A0-97C1-42A8-95E5-E7F2FF61852D}"
EndProject
Project("{FAE04EC0-301F-11D3-BF4B-00C04F79EFBC}") = "HelloLogging", "HelloLogging\HelloLogging.csproj", "{92EEB8AD-D3FD-446D-B309-C9744BCA1AA5}"
EndProject
Global
	GlobalSection(SolutionConfigurationPlatforms) = preSolution
		Debug|Any CPU = Debug|Any CPU
		Debug|x64 = Debug|x64
		Debug|x86 = Debug|x86
		Release|Any CPU = Release|Any CPU
		Release|x64 = Release|x64
		Release|x86 = Release|x86
	EndGlobalSection
	GlobalSection(SolutionProperties) = preSolution
		HideSolutionNode = FALSE
	EndGlobalSection
	GlobalSection(ProjectConfigurationPlatforms) = postSolution
		{24304AE2-F628-4239-8E6A-2B0699D4E1B8}.Debug|Any CPU.ActiveCfg = Debug|Any CPU
		{24304AE2-F628-4239-8E6A-2B0699D4E1B8}.Debug|Any CPU.Build.0 = Debug|Any CPU
		{24304AE2-F628-4239-8E6A-2B0699D4E1B8}.Debug|x64.ActiveCfg = Debug|Any CPU
		{24304AE2-F628-4239-8E6A-2B0699D4E1B8}.Debug|x64.Build.0 = Debug|Any CPU
		{24304AE2-F628-4239-8E6A-2B0699D4E1B8}.Debug|x86.ActiveCfg = Debug|Any CPU
		{24304AE2-F628-4239-8E6A-2B0699D4E1B8}.Debug|x86.Build.0 = Debug|Any CPU
		{24304AE2-F628-4239-8E6A-2B0699D4E1B8}.Release|Any CPU.ActiveCfg = Release|Any CPU
		{24304AE2-F628-4239-8E6A-2B0699D4E1B8}.Release|Any CPU.Build.0 = Release|Any CPU
		{24304AE2-F628-4239-8E6A-2B0699D4E1B8}.Release|x64.ActiveCfg = Release|Any CPU
		{24304AE2-F628-4239-8E6A-2B0699D4E1B8}.Release|x64.Build.0 = Release|Any CPU
		{24304AE2-F628-4239-8E6A-2B0699D4E1B8}.Release|x86.ActiveCfg = Release|Any CPU
		{24304AE2-F628-4239-8E6A-2B0699D4E1B8}.Release|x86.Build.0 = Release|Any CPU
		{0349D0A0-97C1-42A8-95E5-E7F2FF61852D}.Debug|Any CPU.ActiveCfg = Debug|Any CPU
		{0349D0A0-97C1-42A8-95E5-E7F2FF61852D}.Debug|Any CPU.Build.0 = Debug|Any CPU
		{0349D0A0-97C1-42A8-95E5-E7F2FF61852D}.Debug|x64.ActiveCfg = Debug|Any CPU
		{0349D0A0-97C1-42A8-95E5-E7F2FF61852D}.Debug|x64.Build.0 = Debug|Any CPU
		{0349D0A0-97C1-42A8-95E5-E7F2FF61852D}.Debug|x86.ActiveCfg = Debug|Any CPU
		{0349D0A0-97C1-42A8-95E5-E7F2FF61852D}.Debug|x86.Build.0 = Debug|Any CPU
		{0349D0A0-97C1-42A8-95E5-E7F2FF61852D}.Release|Any CPU.ActiveCfg = Release|Any CPU
		{0349D0A0-97C1-42A8-95E5-E7F2FF61852D}.Release|Any CPU.Build.0 = Release|Any CPU
		{0349D0A0-97C1-42A8-95E5-E7F2FF61852D}.Release|x64.ActiveCfg = Release|Any CPU
		{0349D0A0-97C1-42A8-95E5-E7F2FF61852D}.Release|x64.Build.0 = Release|Any CPU
		{0349D0A0-97C1-42A8-95E5-E7F2FF61852D}.Release|x86.ActiveCfg = Release|Any CPU
		{0349D0A0-97C1-42A8-95E5-E7F2FF61852D}.Release|x86.Build.0 = Release|Any CPU
		{92EEB8AD-D3FD-446D-B309-C9744BCA1AA5}.Debug|Any CPU.ActiveCfg = Debug|Any CPU
		{92EEB8AD-D3FD-446D-B309-C9744BCA1AA5}.Debug|Any CPU.Build.0 = Debug|Any CPU
		{92EEB8AD-D3FD-446D-B309-C9744BCA1AA5}.Debug|x64.ActiveCfg = Debug|Any CPU
		{92EEB8AD-D3FD-446D-B309-C9744BCA1AA5}.Debug|x64.Build.0 = Debug|Any CPU
		{92EEB8AD-D3FD-446D-B309-C9744BCA1AA5}.Debug|x86.ActiveCfg = Debug|Any CPU
		{92EEB8AD-D3FD-446D-B309-C9744BCA1AA5}.Debug|x86.Build.0 = Debug|Any CPU
		{92EEB8AD-D3FD-446D-B309-C9744BCA1AA5}.Release|Any CPU.ActiveCfg = Release|Any CPU
		{92EEB8AD-D3FD-446D-B309-C9744BCA1AA5}.Release|Any CPU.Build.0 = Release|Any CPU
		{92EEB8AD-D3FD-446D-B309-C9744BCA1AA5}.Release|x64.ActiveCfg = Release|Any CPU
		{92EEB8AD-D3FD-446D-B309-C9744BCA1AA5}.Release|x64.Build.0 = Release|Any CPU
		{92EEB8AD-D3FD-446D-B309-C9744BCA1AA5}.Release|x86.ActiveCfg = Release|Any CPU
		{92EEB8AD-D3FD-446D-B309-C9744BCA1AA5}.Release|x86.Build.0 = Release|Any CPU
	EndGlobalSection
EndGlobal
